github.com/Microkubes/microservice-tools v1.1.0 h1:0kyByC+JqVi/nDDp+eKYhDpgqdA1xvVP68wGIpcJDcQ=
github.com/Microkubes/microservice-tools v1.1.0/go.mod h1:9YPuF99237LdC2025udqFF82dzLl0jPvZEnXIAGJXBQ=
github.com/h2non/parth v0.0.0-20190131123155-b4df798d6542/go.mod h1:Ow0tF8D4Kplbc8s8sSb3V2oUCygFHVp8gC3Dn6U4MNI=
github.com/keitaroinc/goa v1.5.0/go.mod h1:/2wU1ZNwnOGEs2McuC3BMK59BD0nTRmZ2Uy61h/uuZY=
github.com/nbio/st v0.0.0-20140626010706-e9e8d9816f32/go.mod h1:9wM+0iRr9ahx58uYLpLIr5fm8diHn0JbqRycJi6w0Ms=
github.com/streadway/amqp v0.0.0-20190827072141-edfb9018d271 h1:WhxRHzgeVGETMlmVfqhRn8RIeeNoPr2Czh33I4Zdccw=
github.com/streadway/amqp v0.0.0-20190827072141-edfb9018d271/go.mod h1:AZpEONHx3DKn8O/DFsRAY58/XVQiIPMTMB1SddzLXVw=
gopkg.in/alexcesaro/quotedprintable.v3 v3.0.0-20150716171945-2caba252f4dc h1:2gGKlE2+asNV9m7xrywl36YYNnBG5ZQ0r/BOOxqPpmk=
gopkg.in/alexcesaro/quotedprintable.v3 v3.0.0-20150716171945-2caba252f4dc/go.mod h1:m7x9LTH6d71AHyAX77c9yqWCCa3UKHcVEj9y7hAtKDk=
gopkg.in/gomail.v2 v2.0.0-20160411212932-81ebce5c23df h1:n7WqCuqOuCbNr617RXOY0AWRXxgwEyPp2z+p0+hgMuE=
gopkg.in/gomail.v2 v2.0.0-20160411212932-81ebce5c23df/go.mod h1:LRQQ+SO6ZHR7tOkpBDuZnXENFzX8qRjMDMyPD6BRkCw=
gopkg.in/h2non/gock.v1 v1.0.15/go.mod h1:sX4zAkdYX1TRGJ2JY156cFspQn4yRWn6p9EMdODlynE=
